// !$*UTF8*$!
{
	archiveVersion = 1;
	classes = {
	};
	objectVersion = 50;
	objects = {

/* Begin PBXBuildFile section */
		043042C4258CCE92008B122E /* ForgetQuestionViewController.swift in Sources */ = {isa = PBXBuildFile; fileRef = 043042C3258CCE92008B122E /* ForgetQuestionViewController.swift */; };
		043042C7258DB48A008B122E /* LoadingViewController.swift in Sources */ = {isa = PBXBuildFile; fileRef = 043042C6258DB489008B122E /* LoadingViewController.swift */; };
		049251652579399B00F966F5 /* QuestionViewController.swift in Sources */ = {isa = PBXBuildFile; fileRef = 049251642579399B00F966F5 /* QuestionViewController.swift */; };
		04925168257939C300F966F5 /* VoteViewController.swift in Sources */ = {isa = PBXBuildFile; fileRef = 04925167257939C300F966F5 /* VoteViewController.swift */; };
		0492516B25793A2800F966F5 /* Player.swift in Sources */ = {isa = PBXBuildFile; fileRef = 0492516A25793A2800F966F5 /* Player.swift */; };
		049251ED257CF57A00F966F5 /* RuleViewController.swift in Sources */ = {isa = PBXBuildFile; fileRef = 049251EC257CF57A00F966F5 /* RuleViewController.swift */; };
		049251F12580838900F966F5 /* music.mp3 in Resources */ = {isa = PBXBuildFile; fileRef = 049251F02580838800F966F5 /* music.mp3 */; };
		04FC0F8325769AE000442A63 /* AppDelegate.swift in Sources */ = {isa = PBXBuildFile; fileRef = 04FC0F8225769AE000442A63 /* AppDelegate.swift */; };
		04FC0F8525769AE000442A63 /* SceneDelegate.swift in Sources */ = {isa = PBXBuildFile; fileRef = 04FC0F8425769AE000442A63 /* SceneDelegate.swift */; };
		04FC0F8725769AE000442A63 /* ViewController.swift in Sources */ = {isa = PBXBuildFile; fileRef = 04FC0F8625769AE000442A63 /* ViewController.swift */; };
		04FC0F8A25769AE000442A63 /* Main.storyboard in Resources */ = {isa = PBXBuildFile; fileRef = 04FC0F8825769AE000442A63 /* Main.storyboard */; };
		04FC0F8C25769AE400442A63 /* Assets.xcassets in Resources */ = {isa = PBXBuildFile; fileRef = 04FC0F8B25769AE400442A63 /* Assets.xcassets */; };
		04FC0F8F25769AE400442A63 /* LaunchScreen.storyboard in Resources */ = {isa = PBXBuildFile; fileRef = 04FC0F8D25769AE400442A63 /* LaunchScreen.storyboard */; };
/* End PBXBuildFile section */

/* Begin PBXFileReference section */
		043042C3258CCE92008B122E /* ForgetQuestionViewController.swift */ = {isa = PBXFileReference; lastKnownFileType = sourcecode.swift; path = ForgetQuestionViewController.swift; sourceTree = "<group>"; };
		043042C6258DB489008B122E /* LoadingViewController.swift */ = {isa = PBXFileReference; lastKnownFileType = sourcecode.swift; path = LoadingViewController.swift; sourceTree = "<group>"; };
		049251642579399B00F966F5 /* QuestionViewController.swift */ = {isa = PBXFileReference; lastKnownFileType = sourcecode.swift; path = QuestionViewController.swift; sourceTree = "<group>"; };
		04925167257939C300F966F5 /* VoteViewController.swift */ = {isa = PBXFileReference; lastKnownFileType = sourcecode.swift; path = VoteViewController.swift; sourceTree = "<group>"; };
		0492516A25793A2800F966F5 /* Player.swift */ = {isa = PBXFileReference; lastKnownFileType = sourcecode.swift; path = Player.swift; sourceTree = "<group>"; };
		049251EC257CF57A00F966F5 /* RuleViewController.swift */ = {isa = PBXFileReference; lastKnownFileType = sourcecode.swift; path = RuleViewController.swift; sourceTree = "<group>"; };
		049251F02580838800F966F5 /* music.mp3 */ = {isa = PBXFileReference; lastKnownFileType = audio.mp3; path = music.mp3; sourceTree = "<group>"; };
		04FC0F7F25769AE000442A63 /* WhoIsSpy.app */ = {isa = PBXFileReference; explicitFileType = wrapper.application; includeInIndex = 0; path = WhoIsSpy.app; sourceTree = BUILT_PRODUCTS_DIR; };
		04FC0F8225769AE000442A63 /* AppDelegate.swift */ = {isa = PBXFileReference; lastKnownFileType = sourcecode.swift; path = AppDelegate.swift; sourceTree = "<group>"; };
		04FC0F8425769AE000442A63 /* SceneDelegate.swift */ = {isa = PBXFileReference; lastKnownFileType = sourcecode.swift; path = SceneDelegate.swift; sourceTree = "<group>"; };
		04FC0F8625769AE000442A63 /* ViewController.swift */ = {isa = PBXFileReference; lastKnownFileType = sourcecode.swift; path = ViewController.swift; sourceTree = "<group>"; };
		04FC0F8925769AE000442A63 /* Base */ = {isa = PBXFileReference; lastKnownFileType = file.storyboard; name = Base; path = Base.lproj/Main.storyboard; sourceTree = "<group>"; };
		04FC0F8B25769AE400442A63 /* Assets.xcassets */ = {isa = PBXFileReference; lastKnownFileType = folder.assetcatalog; path = Assets.xcassets; sourceTree = "<group>"; };
		04FC0F8E25769AE400442A63 /* Base */ = {isa = PBXFileReference; lastKnownFileType = file.storyboard; name = Base; path = Base.lproj/LaunchScreen.storyboard; sourceTree = "<group>"; };
		04FC0F9025769AE400442A63 /* Info.plist */ = {isa = PBXFileReference; lastKnownFileType = text.plist.xml; path = Info.plist; sourceTree = "<group>"; };
/* End PBXFileReference section */

/* Begin PBXFrameworksBuildPhase section */
		04FC0F7C25769AE000442A63 /* Frameworks */ = {
			isa = PBXFrameworksBuildPhase;
			buildActionMask = 2147483647;
			files = (
			);
			runOnlyForDeploymentPostprocessing = 0;
		};
/* End PBXFrameworksBuildPhase section */

/* Begin PBXGroup section */
		04FC0F7625769ADF00442A63 = {
			isa = PBXGroup;
			children = (
				04FC0F8125769AE000442A63 /* WhoIsSpy */,
				04FC0F8025769AE000442A63 /* Products */,
			);
			sourceTree = "<group>";
		};
		04FC0F8025769AE000442A63 /* Products */ = {
			isa = PBXGroup;
			children = (
				04FC0F7F25769AE000442A63 /* WhoIsSpy.app */,
			);
			name = Products;
			sourceTree = "<group>";
		};
		04FC0F8125769AE000442A63 /* WhoIsSpy */ = {
			isa = PBXGroup;
			children = (
				049251F02580838800F966F5 /* music.mp3 */,
				04FC0F8225769AE000442A63 /* AppDelegate.swift */,
				04FC0F8425769AE000442A63 /* SceneDelegate.swift */,
				04FC0F8625769AE000442A63 /* ViewController.swift */,
				04FC0F8825769AE000442A63 /* Main.storyboard */,
				049251EC257CF57A00F966F5 /* RuleViewController.swift */,
				04FC0F8B25769AE400442A63 /* Assets.xcassets */,
				04FC0F8D25769AE400442A63 /* LaunchScreen.storyboard */,
				04FC0F9025769AE400442A63 /* Info.plist */,
				049251642579399B00F966F5 /* QuestionViewController.swift */,
				04925167257939C300F966F5 /* VoteViewController.swift */,
				0492516A25793A2800F966F5 /* Player.swift */,
				043042C3258CCE92008B122E /* ForgetQuestionViewController.swift */,
				043042C6258DB489008B122E /* LoadingViewController.swift */,
			);
			path = WhoIsSpy;
			sourceTree = "<group>";
		};
/* End PBXGroup section */

/* Begin PBXNativeTarget section */
		04FC0F7E25769AE000442A63 /* WhoIsSpy */ = {
			isa = PBXNativeTarget;
			buildConfigurationList = 04FC0F9325769AE400442A63 /* Build configuration list for PBXNativeTarget "WhoIsSpy" */;
			buildPhases = (
				04FC0F7B25769AE000442A63 /* Sources */,
				04FC0F7C25769AE000442A63 /* Frameworks */,
				04FC0F7D25769AE000442A63 /* Resources */,
			);
			buildRules = (
			);
			dependencies = (
			);
			name = WhoIsSpy;
			productName = WhoIsSpy;
			productReference = 04FC0F7F25769AE000442A63 /* WhoIsSpy.app */;
			productType = "com.apple.product-type.application";
		};
/* End PBXNativeTarget section */

/* Begin PBXProject section */
		04FC0F7725769ADF00442A63 /* Project object */ = {
			isa = PBXProject;
			attributes = {
				LastSwiftUpdateCheck = 1200;
				LastUpgradeCheck = 1200;
				TargetAttributes = {
					04FC0F7E25769AE000442A63 = {
						CreatedOnToolsVersion = 12.0.1;
					};
				};
			};
			buildConfigurationList = 04FC0F7A25769ADF00442A63 /* Build configuration list for PBXProject "WhoIsSpy" */;
			compatibilityVersion = "Xcode 9.3";
			developmentRegion = en;
			hasScannedForEncodings = 0;
			knownRegions = (
				en,
				Base,
			);
			mainGroup = 04FC0F7625769ADF00442A63;
			productRefGroup = 04FC0F8025769AE000442A63 /* Products */;
			projectDirPath = "";
			projectRoot = "";
			targets = (
				04FC0F7E25769AE000442A63 /* WhoIsSpy */,
			);
		};
/* End PBXProject section */

/* Begin PBXResourcesBuildPhase section */
		04FC0F7D25769AE000442A63 /* Resources */ = {
			isa = PBXResourcesBuildPhase;
			buildActionMask = 2147483647;
			files = (
				04FC0F8F25769AE400442A63 /* LaunchScreen.storyboard in Resources */,
				04FC0F8C25769AE400442A63 /* Assets.xcassets in Resources */,
				049251F12580838900F966F5 /* music.mp3 in Resources */,
				04FC0F8A25769AE000442A63 /* Main.storyboard in Resources */,
			);
			runOnlyForDeploymentPostprocessing = 0;
		};
/* End PBXResourcesBuildPhase section */

/* Begin PBXSourcesBuildPhase section */
		04FC0F7B25769AE000442A63 /* Sources */ = {
			isa = PBXSourcesBuildPhase;
			buildActionMask = 2147483647;
			files = (
				04FC0F8725769AE000442A63 /* ViewController.swift in Sources */,
				04FC0F8325769AE000442A63 /* AppDelegate.swift in Sources */,
				04925168257939C300F966F5 /* VoteViewController.swift in Sources */,
				049251652579399B00F966F5 /* QuestionViewController.swift in Sources */,
				049251ED257CF57A00F966F5 /* RuleViewController.swift in Sources */,
				043042C7258DB48A008B122E /* LoadingViewController.swift in Sources */,
				0492516B25793A2800F966F5 /* Player.swift in Sources */,
				04FC0F8525769AE000442A63 /* SceneDelegate.swift in Sources */,
				043042C4258CCE92008B122E /* ForgetQuestionViewController.swift in Sources */,
			);
			runOnlyForDeploymentPostprocessing = 0;
		};
/* End PBXSourcesBuildPhase section */

/* Begin PBXVariantGroup section */
		04FC0F8825769AE000442A63 /* Main.storyboard */ = {
			isa = PBXVariantGroup;
			children = (
				04FC0F8925769AE000442A63 /* Base */,
			);
			name = Main.storyboard;
			sourceTree = "<group>";
		};
		04FC0F8D25769AE400442A63 /* LaunchScreen.storyboard */ = {
			isa = PBXVariantGroup;
			children = (
				04FC0F8E25769AE400442A63 /* Base */,
			);
			name = LaunchScreen.storyboard;
			sourceTree = "<group>";
		};
/* End PBXVariantGroup section */

/* Begin XCBuildConfiguration section */
		04FC0F9125769AE400442A63 /* Debug */ = {
			isa = XCBuildConfiguration;
			buildSettings = {
				ALWAYS_SEARCH_USER_PATHS = NO;
				CLANG_ANALYZER_NONNULL = YES;
				CLANG_ANALYZER_NUMBER_OBJECT_CONVERSION = YES_AGGRESSIVE;
				CLANG_CXX_LANGUAGE_STANDARD = "gnu++14";
				CLANG_CXX_LIBRARY = "libc++";
				CLANG_ENABLE_MODULES = YES;
				CLANG_ENABLE_OBJC_ARC = YES;
				CLANG_ENABLE_OBJC_WEAK = YES;
				CLANG_WARN_BLOCK_CAPTURE_AUTORELEASING = YES;
				CLANG_WARN_BOOL_CONVERSION = YES;
				CLANG_WARN_COMMA = YES;
				CLANG_WARN_CONSTANT_CONVERSION = YES;
				CLANG_WARN_DEPRECATED_OBJC_IMPLEMENTATIONS = YES;
				CLANG_WARN_DIRECT_OBJC_ISA_USAGE = YES_ERROR;
				CLANG_WARN_DOCUMENTATION_COMMENTS = YES;
				CLANG_WARN_EMPTY_BODY = YES;
				CLANG_WARN_ENUM_CONVERSION = YES;
				CLANG_WARN_INFINITE_RECURSION = YES;
				CLANG_WARN_INT_CONVERSION = YES;
				CLANG_WARN_NON_LITERAL_NULL_CONVERSION = YES;
				CLANG_WARN_OBJC_IMPLICIT_RETAIN_SELF = YES;
				CLANG_WARN_OBJC_LITERAL_CONVERSION = YES;
				CLANG_WARN_OBJC_ROOT_CLASS = YES_ERROR;
				CLANG_WARN_QUOTED_INCLUDE_IN_FRAMEWORK_HEADER = YES;
				CLANG_WARN_RANGE_LOOP_ANALYSIS = YES;
				CLANG_WARN_STRICT_PROTOTYPES = YES;
				CLANG_WARN_SUSPICIOUS_MOVE = YES;
				CLANG_WARN_UNGUARDED_AVAILABILITY = YES_AGGRESSIVE;
				CLANG_WARN_UNREACHABLE_CODE = YES;
				CLANG_WARN__DUPLICATE_METHOD_MATCH = YES;
				COPY_PHASE_STRIP = NO;
				DEBUG_INFORMATION_FORMAT = dwarf;
				ENABLE_STRICT_OBJC_MSGSEND = YES;
				ENABLE_TESTABILITY = YES;
				GCC_C_LANGUAGE_STANDARD = gnu11;
				GCC_DYNAMIC_NO_PIC = NO;
				GCC_NO_COMMON_BLOCKS = YES;
				GCC_OPTIMIZATION_LEVEL = 0;
				GCC_PREPROCESSOR_DEFINITIONS = (
					"DEBUG=1",
					"$(inherited)",
				);
				GCC_WARN_64_TO_32_BIT_CONVERSION = YES;
				GCC_WARN_ABOUT_RETURN_TYPE = YES_ERROR;
				GCC_WARN_UNDECLARED_SELECTOR = YES;
				GCC_WARN_UNINITIALIZED_AUTOS = YES_AGGRESSIVE;
				GCC_WARN_UNUSED_FUNCTION = YES;
				GCC_WARN_UNUSED_VARIABLE = YES;
				IPHONEOS_DEPLOYMENT_TARGET = 14.0;
				MTL_ENABLE_DEBUG_INFO = INCLUDE_SOURCE;
				MTL_FAST_MATH = YES;
				ONLY_ACTIVE_ARCH = YES;
				SDKROOT = iphoneos;
				SWIFT_ACTIVE_COMPILATION_CONDITIONS = DEBUG;
				SWIFT_OPTIMIZATION_LEVEL = "-Onone";
			};
			name = Debug;
		};
		04FC0F9225769AE400442A63 /* Release */ = {
			isa = XCBuildConfiguration;
			buildSettings = {
				ALWAYS_SEARCH_USER_PATHS = NO;
				CLANG_ANALYZER_NONNULL = YES;
				CLANG_ANALYZER_NUMBER_OBJECT_CONVERSION = YES_AGGRESSIVE;
				CLANG_CXX_LANGUAGE_STANDARD = "gnu++14";
				CLANG_CXX_LIBRARY = "libc++";
				CLANG_ENABLE_MODULES = YES;
				CLANG_ENABLE_OBJC_ARC = YES;
				CLANG_ENABLE_OBJC_WEAK = YES;
				CLANG_WARN_BLOCK_CAPTURE_AUTORELEASING = YES;
				CLANG_WARN_BOOL_CONVERSION = YES;
				CLANG_WARN_COMMA = YES;
				CLANG_WARN_CONSTANT_CONVERSION = YES;
				CLANG_WARN_DEPRECATED_OBJC_IMPLEMENTATIONS = YES;
				CLANG_WARN_DIRECT_OBJC_ISA_USAGE = YES_ERROR;
				CLANG_WARN_DOCUMENTATION_COMMENTS = YES;
				CLANG_WARN_EMPTY_BODY = YES;
				CLANG_WARN_ENUM_CONVERSION = YES;
				CLANG_WARN_INFINITE_RECURSION = YES;
				CLANG_WARN_INT_CONVERSION = YES;
				CLANG_WARN_NON_LITERAL_NULL_CONVERSION = YES;
				CLANG_WARN_OBJC_IMPLICIT_RETAIN_SELF = YES;
				CLANG_WARN_OBJC_LITERAL_CONVERSION = YES;
				CLANG_WARN_OBJC_ROOT_CLASS = YES_ERROR;
				CLANG_WARN_QUOTED_INCLUDE_IN_FRAMEWORK_HEADER = YES;
				CLANG_WARN_RANGE_LOOP_ANALYSIS = YES;
				CLANG_WARN_STRICT_PROTOTYPES = YES;
				CLANG_WARN_SUSPICIOUS_MOVE = YES;
				CLANG_WARN_UNGUARDED_AVAILABILITY = YES_AGGRESSIVE;
				CLANG_WARN_UNREACHABLE_CODE = YES;
				CLANG_WARN__DUPLICATE_METHOD_MATCH = YES;
				COPY_PHASE_STRIP = NO;
				DEBUG_INFORMATION_FORMAT = "dwarf-with-dsym";
				ENABLE_NS_ASSERTIONS = NO;
				ENABLE_STRICT_OBJC_MSGSEND = YES;
				GCC_C_LANGUAGE_STANDARD = gnu11;
				GCC_NO_COMMON_BLOCKS = YES;
				GCC_WARN_64_TO_32_BIT_CONVERSION = YES;
				GCC_WARN_ABOUT_RETURN_TYPE = YES_ERROR;
				GCC_WARN_UNDECLARED_SELECTOR = YES;
				GCC_WARN_UNINITIALIZED_AUTOS = YES_AGGRESSIVE;
				GCC_WARN_UNUSED_FUNCTION = YES;
				GCC_WARN_UNUSED_VARIABLE = YES;
				IPHONEOS_DEPLOYMENT_TARGET = 14.0;
				MTL_ENABLE_DEBUG_INFO = NO;
				MTL_FAST_MATH = YES;
				SDKROOT = iphoneos;
				SWIFT_COMPILATION_MODE = wholemodule;
				SWIFT_OPTIMIZATION_LEVEL = "-O";
				VALIDATE_PRODUCT = YES;
			};
			name = Release;
		};
		04FC0F9425769AE400442A63 /* Debug */ = {
			isa = XCBuildConfiguration;
			buildSettings = {
				ASSETCATALOG_COMPILER_APPICON_NAME = AppIcon;
				ASSETCATALOG_COMPILER_GLOBAL_ACCENT_COLOR_NAME = AccentColor;
				CODE_SIGN_STYLE = Automatic;
				DEVELOPMENT_TEAM = 2PE9PJ5FZ5;
				INFOPLIST_FILE = WhoIsSpy/Info.plist;
				LD_RUNPATH_SEARCH_PATHS = (
					"$(inherited)",
					"@executable_path/Frameworks",
				);
				PRODUCT_BUNDLE_IDENTIFIER = com.tommy.WhoIsSpy;
				PRODUCT_NAME = "$(TARGET_NAME)";
				SWIFT_VERSION = 5.0;
				TARGETED_DEVICE_FAMILY = "1,2";
			};
			name = Debug;
		};
		04FC0F9525769AE400442A63 /* Release */ = {
			isa = XCBuildConfiguration;
			buildSettings = {
				ASSETCATALOG_COMPILER_APPICON_NAME = AppIcon;
				ASSETCATALOG_COMPILER_GLOBAL_ACCENT_COLOR_NAME = AccentColor;
				CODE_SIGN_STYLE = Automatic;
				DEVELOPMENT_TEAM = 2PE9PJ5FZ5;
				INFOPLIST_FILE = WhoIsSpy/Info.plist;
				LD_RUNPATH_SEARCH_PATHS = (
					"$(inherited)",
					"@executable_path/Frameworks",
				);
				PRODUCT_BUNDLE_IDENTIFIER = com.tommy.WhoIsSpy;
				PRODUCT_NAME = "$(TARGET_NAME)";
				SWIFT_VERSION = 5.0;
				TARGETED_DEVICE_FAMILY = "1,2";
			};
			name = Release;
		};
/* End XCBuildConfiguration section */

/* Begin XCConfigurationList section */
		04FC0F7A25769ADF00442A63 /* Build configuration list for PBXProject "WhoIsSpy" */ = {
			isa = XCConfigurationList;
			buildConfigurations = (
				04FC0F9125769AE400442A63 /* Debug */,
				04FC0F9225769AE400442A63 /* Release */,
			);
			defaultConfigurationIsVisible = 0;
			defaultConfigurationName = Release;
		};
		04FC0F9325769AE400442A63 /* Build configuration list for PBXNativeTarget "WhoIsSpy" */ = {
			isa = XCConfigurationList;
			buildConfigurations = (
				04FC0F9425769AE400442A63 /* Debug */,
				04FC0F9525769AE400442A63 /* Release */,
			);
			defaultConfigurationIsVisible = 0;
			defaultConfigurationName = Release;
		};
/* End XCConfigurationList section */
	};
	rootObject = 04FC0F7725769ADF00442A63 /* Project object */;
}
